{
  "requires": true,
  "lockfileVersion": 1,
  "dependencies": {
    "animate.css": {
      "version": "3.7.2",
      "resolved": "https://registry.npmjs.org/animate.css/-/animate.css-3.7.2.tgz",
      "integrity": "sha512-0bE8zYo7C0KvgOYrSVfrzkbYk6IOTVPNqkiHg2cbyF4Pq/PXzilz4BRWA3hwEUBoMp5VBgrC29lQIZyhRWdBTw=="
    },
    "bootstrap-slider": {
      "version": "10.6.2",
      "resolved": "https://registry.npmjs.org/bootstrap-slider/-/bootstrap-slider-10.6.2.tgz",
      "integrity": "sha512-8JTPZB9QVOdrGzYF3YgC3YW6ssfPeBvBwZnXffiZ7YH/zz1D0EKlZvmQsm/w3N0XjVNYQEoQ0ax+jHrErV4K1Q=="
    },
    "jQuery": {
      "version": "1.7.4",
      "resolved": "https://registry.npmjs.org/jQuery/-/jQuery-1.7.4.tgz",
      "integrity": "sha1-8y3FyFpwRO6GS0RDue5F+UeLoTc="
    },
    "rangeslider.js": {
      "version": "2.3.3",
      "resolved": "https://registry.npmjs.org/rangeslider.js/-/rangeslider.js-2.3.3.tgz",
      "integrity": "sha512-FNpe62R6DfGRPAB5rpDKkZtaMDZ0CFqoLprXtNbYiincgld0bHm/Gs/7iuiSD/naM5C3sz+icY3jghKDcGR17g=="
    }
  }
}
